
Microsoft Visual Studio Solution File, Format Version 12.00
# Visual Studio Version 16
VisualStudioVersion = 16.0.29911.84
MinimumVisualStudioVersion = 10.0.40219.1
Project("{FAE04EC0-301F-11D3-BF4B-00C04F79EFBC}") = "PCSDK WpfApp", "PCSDK WpfApp.csproj", "{787D7A69-6642-4468-98FC-40D706AC536F}"
EndProject
Global
	GlobalSection(SolutionConfigurationPlatforms) = preSolution
		Debug|Any CPU = Debug|Any CPU
		Release|Any CPU = Release|Any CPU
	EndGlobalSection
	GlobalSection(ProjectConfigurationPlatforms) = postSolution
		{787D7A69-6642-4468-98FC-40D706AC536F}.Debug|Any CPU.ActiveCfg = Debug|Any CPU
		{787D7A69-6642-4468-98FC-40D706AC536F}.Debug|Any CPU.Build.0 = Debug|Any CPU
		{787D7A69-6642-4468-98FC-40D706AC536F}.Release|Any CPU.ActiveCfg = Release|Any CPU
		{787D7A69-6642-4468-98FC-40D706AC536F}.Release|Any CPU.Build.0 = Release|Any CPU
	EndGlobalSection
	GlobalSection(SolutionProperties) = preSolution
		HideSolutionNode = FALSE
	EndGlobalSection
	GlobalSection(ExtensibilityGlobals) = postSolution
		SolutionGuid = {DA9C6EED-7A69-42E7-ABF4-4782F38E07C1}
	EndGlobalSection
EndGlobal
